// !$*UTF8*$!
{
	archiveVersion = 1;
	classes = {
	};
	objectVersion = 77;
	objects = {

/* Begin PBXBuildFile section */
		3A3C9BB42E35123F007A3007 /* StoreKit.framework in Frameworks */ = {isa = PBXBuildFile; fileRef = 3A3C9BB32E35123F007A3007 /* StoreKit.framework */; };
		3AA77BAA2E2D31BA00F018BB /* WidgetKit.framework in Frameworks */ = {isa = PBXBuildFile; fileRef = 3AA77BA92E2D31BA00F018BB /* WidgetKit.framework */; };
		3AA77BAC2E2D31BA00F018BB /* SwiftUI.framework in Frameworks */ = {isa = PBXBuildFile; fileRef = 3AA77BAB2E2D31BA00F018BB /* SwiftUI.framework */; };
		3AA77BB72E2D31BD00F018BB /* ProLight WidgetExtension.appex in Embed Foundation Extensions */ = {isa = PBXBuildFile; fileRef = 3AA77BA72E2D31BA00F018BB /* ProLight WidgetExtension.appex */; settings = {ATTRIBUTES = (RemoveHeadersOnCopy, ); }; };
		3AADAD0E2E3283BE0044EE64 /* Lottie in Frameworks */ = {isa = PBXBuildFile; productRef = 3AADAD0D2E3283BE0044EE64 /* Lottie */; };
		3ADC62F62E2E72DE00B66E31 /* ConfidentialKit in Frameworks */ = {isa = PBXBuildFile; productRef = 3ADC62F52E2E72DE00B66E31 /* ConfidentialKit */; };
		3ADC63B42E2E789700B66E31 /* RevenueCat in Frameworks */ = {isa = PBXBuildFile; productRef = 3ADC63B32E2E789700B66E31 /* RevenueCat */; };
		3ADC63B62E2E789700B66E31 /* RevenueCatUI in Frameworks */ = {isa = PBXBuildFile; productRef = 3ADC63B52E2E789700B66E31 /* RevenueCatUI */; };
/* End PBXBuildFile section */

/* Begin PBXContainerItemProxy section */
		3AA77BB52E2D31BD00F018BB /* PBXContainerItemProxy */ = {
			isa = PBXContainerItemProxy;
			containerPortal = 3A0D29A92DE7819100F1F704 /* Project object */;
			proxyType = 1;
			remoteGlobalIDString = 3AA77BA62E2D31BA00F018BB;
			remoteInfo = "ProLight WidgetExtension";
		};
/* End PBXContainerItemProxy section */

/* Begin PBXCopyFilesBuildPhase section */
		3AA77BBC2E2D31BD00F018BB /* Embed Foundation Extensions */ = {
			isa = PBXCopyFilesBuildPhase;
			buildActionMask = 2147483647;
			dstPath = "";
			dstSubfolderSpec = 13;
			files = (
				3AA77BB72E2D31BD00F018BB /* ProLight WidgetExtension.appex in Embed Foundation Extensions */,
			);
			name = "Embed Foundation Extensions";
			runOnlyForDeploymentPostprocessing = 0;
		};
/* End PBXCopyFilesBuildPhase section */

/* Begin PBXFileReference section */
		3A0D29B12DE7819100F1F704 /* ProLight.app */ = {isa = PBXFileReference; explicitFileType = wrapper.application; includeInIndex = 0; path = ProLight.app; sourceTree = BUILT_PRODUCTS_DIR; };
		3A3C9BB32E35123F007A3007 /* StoreKit.framework */ = {isa = PBXFileReference; lastKnownFileType = wrapper.framework; name = StoreKit.framework; path = System/Library/Frameworks/StoreKit.framework; sourceTree = SDKROOT; };
		3A3C9BB52E35128A007A3007 /* ProLight WidgetExtension.entitlements */ = {isa = PBXFileReference; lastKnownFileType = text.plist.entitlements; path = "ProLight WidgetExtension.entitlements"; sourceTree = "<group>"; };
		3AA77BA72E2D31BA00F018BB /* ProLight WidgetExtension.appex */ = {isa = PBXFileReference; explicitFileType = "wrapper.app-extension"; includeInIndex = 0; path = "ProLight WidgetExtension.appex"; sourceTree = BUILT_PRODUCTS_DIR; };
		3AA77BA92E2D31BA00F018BB /* WidgetKit.framework */ = {isa = PBXFileReference; lastKnownFileType = wrapper.framework; name = WidgetKit.framework; path = System/Library/Frameworks/WidgetKit.framework; sourceTree = SDKROOT; };
		3AA77BAB2E2D31BA00F018BB /* SwiftUI.framework */ = {isa = PBXFileReference; lastKnownFileType = wrapper.framework; name = SwiftUI.framework; path = System/Library/Frameworks/SwiftUI.framework; sourceTree = SDKROOT; };
/* End PBXFileReference section */

/* Begin PBXFileSystemSynchronizedBuildFileExceptionSet section */
		3AADAB642E3248CB0044EE64 /* Exceptions for "ProLight" folder in "ProLight" target */ = {
			isa = PBXFileSystemSynchronizedBuildFileExceptionSet;
			membershipExceptions = (
				Info.plist,
			);
			target = 3A0D29B02DE7819100F1F704 /* ProLight */;
		};
		3AD07D802E2FC356000A6B2D /* Exceptions for "ProLight Widget" folder in "ProLight WidgetExtension" target */ = {
			isa = PBXFileSystemSynchronizedBuildFileExceptionSet;
			membershipExceptions = (
				Info.plist,
			);
			target = 3AA77BA62E2D31BA00F018BB /* ProLight WidgetExtension */;
		};
/* End PBXFileSystemSynchronizedBuildFileExceptionSet section */

/* Begin PBXFileSystemSynchronizedRootGroup section */
		3A0D29B32DE7819100F1F704 /* ProLight */ = {
			isa = PBXFileSystemSynchronizedRootGroup;
			exceptions = (
				3AADAB642E3248CB0044EE64 /* Exceptions for "ProLight" folder in "ProLight" target */,
			);
			path = ProLight;
			sourceTree = "<group>";
		};
		3AA77BAD2E2D31BA00F018BB /* ProLight Widget */ = {
			isa = PBXFileSystemSynchronizedRootGroup;
			exceptions = (
				3AD07D802E2FC356000A6B2D /* Exceptions for "ProLight Widget" folder in "ProLight WidgetExtension" target */,
			);
			path = "ProLight Widget";
			sourceTree = "<group>";
		};
/* End PBXFileSystemSynchronizedRootGroup section */

/* Begin PBXFrameworksBuildPhase section */
		3A0D29AE2DE7819100F1F704 /* Frameworks */ = {
			isa = PBXFrameworksBuildPhase;
			buildActionMask = 2147483647;
			files = (
				3ADC63B42E2E789700B66E31 /* RevenueCat in Frameworks */,
				3ADC62F62E2E72DE00B66E31 /* ConfidentialKit in Frameworks */,
				3A3C9BB42E35123F007A3007 /* StoreKit.framework in Frameworks */,
				3ADC63B62E2E789700B66E31 /* RevenueCatUI in Frameworks */,
				3AADAD0E2E3283BE0044EE64 /* Lottie in Frameworks */,
			);
			runOnlyForDeploymentPostprocessing = 0;
		};
		3AA77BA42E2D31BA00F018BB /* Frameworks */ = {
			isa = PBXFrameworksBuildPhase;
			buildActionMask = 2147483647;
			files = (
				3AA77BAC2E2D31BA00F018BB /* SwiftUI.framework in Frameworks */,
				3AA77BAA2E2D31BA00F018BB /* WidgetKit.framework in Frameworks */,
			);
			runOnlyForDeploymentPostprocessing = 0;
		};
/* End PBXFrameworksBuildPhase section */

/* Begin PBXGroup section */
		3A0D29A82DE7819100F1F704 = {
			isa = PBXGroup;
			children = (
				3A3C9BB52E35128A007A3007 /* ProLight WidgetExtension.entitlements */,
				3A0D29B32DE7819100F1F704 /* ProLight */,
				3AA77BAD2E2D31BA00F018BB /* ProLight Widget */,
				3AA77BA82E2D31BA00F018BB /* Frameworks */,
				3A0D29B22DE7819100F1F704 /* Products */,
			);
			sourceTree = "<group>";
		};
		3A0D29B22DE7819100F1F704 /* Products */ = {
			isa = PBXGroup;
			children = (
				3A0D29B12DE7819100F1F704 /* ProLight.app */,
				3AA77BA72E2D31BA00F018BB /* ProLight WidgetExtension.appex */,
			);
			name = Products;
			sourceTree = "<group>";
		};
		3AA77BA82E2D31BA00F018BB /* Frameworks */ = {
			isa = PBXGroup;
			children = (
				3A3C9BB32E35123F007A3007 /* StoreKit.framework */,
				3AA77BA92E2D31BA00F018BB /* WidgetKit.framework */,
				3AA77BAB2E2D31BA00F018BB /* SwiftUI.framework */,
			);
			name = Frameworks;
			sourceTree = "<group>";
		};
/* End PBXGroup section */

/* Begin PBXNativeTarget section */
		3A0D29B02DE7819100F1F704 /* ProLight */ = {
			isa = PBXNativeTarget;
			buildConfigurationList = 3A0D29BD2DE7819300F1F704 /* Build configuration list for PBXNativeTarget "ProLight" */;
			buildPhases = (
				3A0D29AD2DE7819100F1F704 /* Sources */,
				3A0D29AE2DE7819100F1F704 /* Frameworks */,
				3A0D29AF2DE7819100F1F704 /* Resources */,
				3AA77BBC2E2D31BD00F018BB /* Embed Foundation Extensions */,
			);
			buildRules = (
			);
			dependencies = (
				3ADC62F92E2E739F00B66E31 /* PBXTargetDependency */,
				3AA77BB62E2D31BD00F018BB /* PBXTargetDependency */,
			);
			fileSystemSynchronizedGroups = (
				3A0D29B32DE7819100F1F704 /* ProLight */,
			);
			name = ProLight;
			packageProductDependencies = (
				3ADC62F52E2E72DE00B66E31 /* ConfidentialKit */,
				3ADC63B32E2E789700B66E31 /* RevenueCat */,
				3ADC63B52E2E789700B66E31 /* RevenueCatUI */,
				3AADAD0D2E3283BE0044EE64 /* Lottie */,
			);
			productName = ProLight;
			productReference = 3A0D29B12DE7819100F1F704 /* ProLight.app */;
			productType = "com.apple.product-type.application";
		};
		3AA77BA62E2D31BA00F018BB /* ProLight WidgetExtension */ = {
			isa = PBXNativeTarget;
			buildConfigurationList = 3AA77BB92E2D31BD00F018BB /* Build configuration list for PBXNativeTarget "ProLight WidgetExtension" */;
			buildPhases = (
				3AA77BA32E2D31BA00F018BB /* Sources */,
				3AA77BA42E2D31BA00F018BB /* Frameworks */,
				3AA77BA52E2D31BA00F018BB /* Resources */,
			);
			buildRules = (
			);
			dependencies = (
			);
			fileSystemSynchronizedGroups = (
				3AA77BAD2E2D31BA00F018BB /* ProLight Widget */,
			);
			name = "ProLight WidgetExtension";
			packageProductDependencies = (
			);
			productName = "ProLight WidgetExtension";
			productReference = 3AA77BA72E2D31BA00F018BB /* ProLight WidgetExtension.appex */;
			productType = "com.apple.product-type.app-extension";
		};
/* End PBXNativeTarget section */

/* Begin PBXProject section */
		3A0D29A92DE7819100F1F704 /* Project object */ = {
			isa = PBXProject;
			attributes = {
				BuildIndependentTargetsInParallel = 1;
				LastSwiftUpdateCheck = 1640;
				LastUpgradeCheck = 1630;
				TargetAttributes = {
					3A0D29B02DE7819100F1F704 = {
						CreatedOnToolsVersion = 16.3;
					};
					3AA77BA62E2D31BA00F018BB = {
						CreatedOnToolsVersion = 16.4;
					};
				};
			};
			buildConfigurationList = 3A0D29AC2DE7819100F1F704 /* Build configuration list for PBXProject "ProLight" */;
			developmentRegion = en;
			hasScannedForEncodings = 0;
			knownRegions = (
				en,
				Base,
			);
			mainGroup = 3A0D29A82DE7819100F1F704;
			minimizedProjectReferenceProxies = 1;
			packageReferences = (
				3ADC62F42E2E72DE00B66E31 /* XCRemoteSwiftPackageReference "swift-confidential" */,
				3ADC62F72E2E735100B66E31 /* XCRemoteSwiftPackageReference "swift-confidential-plugin" */,
				3ADC63B22E2E789700B66E31 /* XCRemoteSwiftPackageReference "purchases-ios-spm" */,
				3AADAD0C2E3283BE0044EE64 /* XCRemoteSwiftPackageReference "lottie-ios" */,
			);
			preferredProjectObjectVersion = 77;
			productRefGroup = 3A0D29B22DE7819100F1F704 /* Products */;
			projectDirPath = "";
			projectRoot = "";
			targets = (
				3A0D29B02DE7819100F1F704 /* ProLight */,
				3AA77BA62E2D31BA00F018BB /* ProLight WidgetExtension */,
			);
		};
/* End PBXProject section */

/* Begin PBXResourcesBuildPhase section */
		3A0D29AF2DE7819100F1F704 /* Resources */ = {
			isa = PBXResourcesBuildPhase;
			buildActionMask = 2147483647;
			files = (
			);
			runOnlyForDeploymentPostprocessing = 0;
		};
		3AA77BA52E2D31BA00F018BB /* Resources */ = {
			isa = PBXResourcesBuildPhase;
			buildActionMask = 2147483647;
			files = (
			);
			runOnlyForDeploymentPostprocessing = 0;
		};
/* End PBXResourcesBuildPhase section */

/* Begin PBXSourcesBuildPhase section */
		3A0D29AD2DE7819100F1F704 /* Sources */ = {
			isa = PBXSourcesBuildPhase;
			buildActionMask = 2147483647;
			files = (
			);
			runOnlyForDeploymentPostprocessing = 0;
		};
		3AA77BA32E2D31BA00F018BB /* Sources */ = {
			isa = PBXSourcesBuildPhase;
			buildActionMask = 2147483647;
			files = (
			);
			runOnlyForDeploymentPostprocessing = 0;
		};
/* End PBXSourcesBuildPhase section */

/* Begin PBXTargetDependency section */
		3AA77BB62E2D31BD00F018BB /* PBXTargetDependency */ = {
			isa = PBXTargetDependency;
			target = 3AA77BA62E2D31BA00F018BB /* ProLight WidgetExtension */;
			targetProxy = 3AA77BB52E2D31BD00F018BB /* PBXContainerItemProxy */;
		};
		3ADC62F92E2E739F00B66E31 /* PBXTargetDependency */ = {
			isa = PBXTargetDependency;
			productRef = 3ADC62F82E2E739F00B66E31 /* Confidential */;
		};
/* End PBXTargetDependency section */

/* Begin XCBuildConfiguration section */
		3A0D29BB2DE7819300F1F704 /* Debug */ = {
			isa = XCBuildConfiguration;
			buildSettings = {
				ALWAYS_SEARCH_USER_PATHS = NO;
				ASSETCATALOG_COMPILER_GENERATE_SWIFT_ASSET_SYMBOL_EXTENSIONS = YES;
				CLANG_ANALYZER_NONNULL = YES;
				CLANG_ANALYZER_NUMBER_OBJECT_CONVERSION = YES_AGGRESSIVE;
				CLANG_CXX_LANGUAGE_STANDARD = "gnu++20";
				CLANG_ENABLE_MODULES = YES;
				CLANG_ENABLE_OBJC_ARC = YES;
				CLANG_ENABLE_OBJC_WEAK = YES;
				CLANG_WARN_BLOCK_CAPTURE_AUTORELEASING = YES;
				CLANG_WARN_BOOL_CONVERSION = YES;
				CLANG_WARN_COMMA = YES;
				CLANG_WARN_CONSTANT_CONVERSION = YES;
				CLANG_WARN_DEPRECATED_OBJC_IMPLEMENTATIONS = YES;
				CLANG_WARN_DIRECT_OBJC_ISA_USAGE = YES_ERROR;
				CLANG_WARN_DOCUMENTATION_COMMENTS = YES;
				CLANG_WARN_EMPTY_BODY = YES;
				CLANG_WARN_ENUM_CONVERSION = YES;
				CLANG_WARN_INFINITE_RECURSION = YES;
				CLANG_WARN_INT_CONVERSION = YES;
				CLANG_WARN_NON_LITERAL_NULL_CONVERSION = YES;
				CLANG_WARN_OBJC_IMPLICIT_RETAIN_SELF = YES;
				CLANG_WARN_OBJC_LITERAL_CONVERSION = YES;
				CLANG_WARN_OBJC_ROOT_CLASS = YES_ERROR;
				CLANG_WARN_QUOTED_INCLUDE_IN_FRAMEWORK_HEADER = YES;
				CLANG_WARN_RANGE_LOOP_ANALYSIS = YES;
				CLANG_WARN_STRICT_PROTOTYPES = YES;
				CLANG_WARN_SUSPICIOUS_MOVE = YES;
				CLANG_WARN_UNGUARDED_AVAILABILITY = YES_AGGRESSIVE;
				CLANG_WARN_UNREACHABLE_CODE = YES;
				CLANG_WARN__DUPLICATE_METHOD_MATCH = YES;
				COPY_PHASE_STRIP = NO;
				DEBUG_INFORMATION_FORMAT = dwarf;
				DEVELOPMENT_TEAM = WM7RG95JZ8;
				ENABLE_STRICT_OBJC_MSGSEND = YES;
				ENABLE_TESTABILITY = YES;
				ENABLE_USER_SCRIPT_SANDBOXING = YES;
				GCC_C_LANGUAGE_STANDARD = gnu17;
				GCC_DYNAMIC_NO_PIC = NO;
				GCC_NO_COMMON_BLOCKS = YES;
				GCC_OPTIMIZATION_LEVEL = 0;
				GCC_PREPROCESSOR_DEFINITIONS = (
					"DEBUG=1",
					"$(inherited)",
				);
				GCC_WARN_64_TO_32_BIT_CONVERSION = YES;
				GCC_WARN_ABOUT_RETURN_TYPE = YES_ERROR;
				GCC_WARN_UNDECLARED_SELECTOR = YES;
				GCC_WARN_UNINITIALIZED_AUTOS = YES_AGGRESSIVE;
				GCC_WARN_UNUSED_FUNCTION = YES;
				GCC_WARN_UNUSED_VARIABLE = YES;
				LOCALIZATION_PREFERS_STRING_CATALOGS = YES;
				MTL_ENABLE_DEBUG_INFO = INCLUDE_SOURCE;
				MTL_FAST_MATH = YES;
				ONLY_ACTIVE_ARCH = YES;
				SWIFT_ACTIVE_COMPILATION_CONDITIONS = "DEBUG $(inherited)";
				SWIFT_OPTIMIZATION_LEVEL = "-Onone";
			};
			name = Debug;
		};
		3A0D29BC2DE7819300F1F704 /* Release */ = {
			isa = XCBuildConfiguration;
			buildSettings = {
				ALWAYS_SEARCH_USER_PATHS = NO;
				ASSETCATALOG_COMPILER_GENERATE_SWIFT_ASSET_SYMBOL_EXTENSIONS = YES;
				CLANG_ANALYZER_NONNULL = YES;
				CLANG_ANALYZER_NUMBER_OBJECT_CONVERSION = YES_AGGRESSIVE;
				CLANG_CXX_LANGUAGE_STANDARD = "gnu++20";
				CLANG_ENABLE_MODULES = YES;
				CLANG_ENABLE_OBJC_ARC = YES;
				CLANG_ENABLE_OBJC_WEAK = YES;
				CLANG_WARN_BLOCK_CAPTURE_AUTORELEASING = YES;
				CLANG_WARN_BOOL_CONVERSION = YES;
				CLANG_WARN_COMMA = YES;
				CLANG_WARN_CONSTANT_CONVERSION = YES;
				CLANG_WARN_DEPRECATED_OBJC_IMPLEMENTATIONS = YES;
				CLANG_WARN_DIRECT_OBJC_ISA_USAGE = YES_ERROR;
				CLANG_WARN_DOCUMENTATION_COMMENTS = YES;
				CLANG_WARN_EMPTY_BODY = YES;
				CLANG_WARN_ENUM_CONVERSION = YES;
				CLANG_WARN_INFINITE_RECURSION = YES;
				CLANG_WARN_INT_CONVERSION = YES;
				CLANG_WARN_NON_LITERAL_NULL_CONVERSION = YES;
				CLANG_WARN_OBJC_IMPLICIT_RETAIN_SELF = YES;
				CLANG_WARN_OBJC_LITERAL_CONVERSION = YES;
				CLANG_WARN_OBJC_ROOT_CLASS = YES_ERROR;
				CLANG_WARN_QUOTED_INCLUDE_IN_FRAMEWORK_HEADER = YES;
				CLANG_WARN_RANGE_LOOP_ANALYSIS = YES;
				CLANG_WARN_STRICT_PROTOTYPES = YES;
				CLANG_WARN_SUSPICIOUS_MOVE = YES;
				CLANG_WARN_UNGUARDED_AVAILABILITY = YES_AGGRESSIVE;
				CLANG_WARN_UNREACHABLE_CODE = YES;
				CLANG_WARN__DUPLICATE_METHOD_MATCH = YES;
				COPY_PHASE_STRIP = NO;
				DEBUG_INFORMATION_FORMAT = "dwarf-with-dsym";
				DEVELOPMENT_TEAM = WM7RG95JZ8;
				ENABLE_NS_ASSERTIONS = NO;
				ENABLE_STRICT_OBJC_MSGSEND = YES;
				ENABLE_USER_SCRIPT_SANDBOXING = YES;
				GCC_C_LANGUAGE_STANDARD = gnu17;
				GCC_NO_COMMON_BLOCKS = YES;
				GCC_WARN_64_TO_32_BIT_CONVERSION = YES;
				GCC_WARN_ABOUT_RETURN_TYPE = YES_ERROR;
				GCC_WARN_UNDECLARED_SELECTOR = YES;
				GCC_WARN_UNINITIALIZED_AUTOS = YES_AGGRESSIVE;
				GCC_WARN_UNUSED_FUNCTION = YES;
				GCC_WARN_UNUSED_VARIABLE = YES;
				LOCALIZATION_PREFERS_STRING_CATALOGS = YES;
				MTL_ENABLE_DEBUG_INFO = NO;
				MTL_FAST_MATH = YES;
				SWIFT_COMPILATION_MODE = wholemodule;
			};
			name = Release;
		};
		3A0D29BE2DE7819300F1F704 /* Debug */ = {
			isa = XCBuildConfiguration;
			buildSettings = {
				ASSETCATALOG_COMPILER_APPICON_NAME = AppIcon;
				ASSETCATALOG_COMPILER_GLOBAL_ACCENT_COLOR_NAME = AccentColor;
				CODE_SIGN_ENTITLEMENTS = ProLight/ProLight.entitlements;
				CODE_SIGN_STYLE = Automatic;
				CURRENT_PROJECT_VERSION = 1;
				DEVELOPMENT_TEAM = WM7RG95JZ8;
				ENABLE_HARDENED_RUNTIME = YES;
				ENABLE_PREVIEWS = YES;
				GENERATE_INFOPLIST_FILE = YES;
				INFOPLIST_FILE = ProLight/Info.plist;
				INFOPLIST_KEY_LSApplicationCategoryType = "";
				INFOPLIST_KEY_NSLocationWhenInUseUsageDescription = "ProLight needs your location to help you navigate at night during your walk/run and to show you the current weather.";
				"INFOPLIST_KEY_UIApplicationSceneManifest_Generation[sdk=iphoneos*]" = YES;
				"INFOPLIST_KEY_UIApplicationSceneManifest_Generation[sdk=iphonesimulator*]" = YES;
				"INFOPLIST_KEY_UIApplicationSupportsIndirectInputEvents[sdk=iphoneos*]" = YES;
				"INFOPLIST_KEY_UIApplicationSupportsIndirectInputEvents[sdk=iphonesimulator*]" = YES;
				"INFOPLIST_KEY_UILaunchScreen_Generation[sdk=iphoneos*]" = YES;
				"INFOPLIST_KEY_UILaunchScreen_Generation[sdk=iphonesimulator*]" = YES;
				INFOPLIST_KEY_UILaunchStoryboardName = LaunchScreen;
				"INFOPLIST_KEY_UIStatusBarStyle[sdk=iphoneos*]" = UIStatusBarStyleDefault;
				"INFOPLIST_KEY_UIStatusBarStyle[sdk=iphonesimulator*]" = UIStatusBarStyleDefault;
				INFOPLIST_KEY_UISupportedInterfaceOrientations = UIInterfaceOrientationPortrait;
				INFOPLIST_KEY_UISupportedInterfaceOrientations_iPad = "UIInterfaceOrientationLandscapeLeft UIInterfaceOrientationLandscapeRight UIInterfaceOrientationPortrait UIInterfaceOrientationPortraitUpsideDown";
				IPHONEOS_DEPLOYMENT_TARGET = 17.6;
				LD_RUNPATH_SEARCH_PATHS = "@executable_path/Frameworks";
				"LD_RUNPATH_SEARCH_PATHS[sdk=macosx*]" = "@executable_path/../Frameworks";
				MACOSX_DEPLOYMENT_TARGET = 15.4;
				MARKETING_VERSION = 4.0.0;
				PRODUCT_BUNDLE_IDENTIFIER = Studio4Designsoftware.ProLight;
				PRODUCT_NAME = "$(TARGET_NAME)";
				REGISTER_APP_GROUPS = YES;
				SDKROOT = auto;
				SUPPORTED_PLATFORMS = "iphoneos iphonesimulator";
				SUPPORTS_MACCATALYST = NO;
				SWIFT_EMIT_LOC_STRINGS = YES;
				SWIFT_VERSION = 5.0;
				TARGETED_DEVICE_FAMILY = 1;
				XROS_DEPLOYMENT_TARGET = 2.4;
			};
			name = Debug;
		};
		3A0D29BF2DE7819300F1F704 /* Release */ = {
			isa = XCBuildConfiguration;
			buildSettings = {
				ASSETCATALOG_COMPILER_APPICON_NAME = AppIcon;
				ASSETCATALOG_COMPILER_GLOBAL_ACCENT_COLOR_NAME = AccentColor;
				CODE_SIGN_ENTITLEMENTS = ProLight/ProLight.entitlements;
				CODE_SIGN_STYLE = Automatic;
				CURRENT_PROJECT_VERSION = 1;
				DEVELOPMENT_TEAM = WM7RG95JZ8;
				ENABLE_HARDENED_RUNTIME = YES;
				ENABLE_PREVIEWS = YES;
				GENERATE_INFOPLIST_FILE = YES;
				INFOPLIST_FILE = ProLight/Info.plist;
				INFOPLIST_KEY_LSApplicationCategoryType = "";
				INFOPLIST_KEY_NSLocationWhenInUseUsageDescription = "ProLight needs your location to help you navigate at night during your walk/run and to show you the current weather.";
				"INFOPLIST_KEY_UIApplicationSceneManifest_Generation[sdk=iphoneos*]" = YES;
				"INFOPLIST_KEY_UIApplicationSceneManifest_Generation[sdk=iphonesimulator*]" = YES;
				"INFOPLIST_KEY_UIApplicationSupportsIndirectInputEvents[sdk=iphoneos*]" = YES;
				"INFOPLIST_KEY_UIApplicationSupportsIndirectInputEvents[sdk=iphonesimulator*]" = YES;
				"INFOPLIST_KEY_UILaunchScreen_Generation[sdk=iphoneos*]" = YES;
				"INFOPLIST_KEY_UILaunchScreen_Generation[sdk=iphonesimulator*]" = YES;
				INFOPLIST_KEY_UILaunchStoryboardName = LaunchScreen;
				"INFOPLIST_KEY_UIStatusBarStyle[sdk=iphoneos*]" = UIStatusBarStyleDefault;
				"INFOPLIST_KEY_UIStatusBarStyle[sdk=iphonesimulator*]" = UIStatusBarStyleDefault;
				INFOPLIST_KEY_UISupportedInterfaceOrientations = UIInterfaceOrientationPortrait;
				INFOPLIST_KEY_UISupportedInterfaceOrientations_iPad = "UIInterfaceOrientationLandscapeLeft UIInterfaceOrientationLandscapeRight UIInterfaceOrientationPortrait UIInterfaceOrientationPortraitUpsideDown";
				IPHONEOS_DEPLOYMENT_TARGET = 17.6;
				LD_RUNPATH_SEARCH_PATHS = "@executable_path/Frameworks";
				"LD_RUNPATH_SEARCH_PATHS[sdk=macosx*]" = "@executable_path/../Frameworks";
				MACOSX_DEPLOYMENT_TARGET = 15.4;
				MARKETING_VERSION = 4.0.0;
				PRODUCT_BUNDLE_IDENTIFIER = Studio4Designsoftware.ProLight;
				PRODUCT_NAME = "$(TARGET_NAME)";
				REGISTER_APP_GROUPS = YES;
				SDKROOT = auto;
				SUPPORTED_PLATFORMS = "iphoneos iphonesimulator";
				SUPPORTS_MACCATALYST = NO;
				SWIFT_EMIT_LOC_STRINGS = YES;
				SWIFT_VERSION = 5.0;
				TARGETED_DEVICE_FAMILY = 1;
				XROS_DEPLOYMENT_TARGET = 2.4;
			};
			name = Release;
		};
		3AA77BBA2E2D31BD00F018BB /* Debug */ = {
			isa = XCBuildConfiguration;
			buildSettings = {
				ASSETCATALOG_COMPILER_GLOBAL_ACCENT_COLOR_NAME = AccentColor;
				ASSETCATALOG_COMPILER_WIDGET_BACKGROUND_COLOR_NAME = WidgetBackground;
				CODE_SIGN_ENTITLEMENTS = "ProLight WidgetExtension.entitlements";
				CODE_SIGN_STYLE = Automatic;
				CURRENT_PROJECT_VERSION = 1;
				DEVELOPMENT_TEAM = WM7RG95JZ8;
				GENERATE_INFOPLIST_FILE = YES;
				INFOPLIST_FILE = "ProLight Widget/Info.plist";
				INFOPLIST_KEY_CFBundleDisplayName = "ProLight Widget";
				INFOPLIST_KEY_NSHumanReadableCopyright = "";
				IPHONEOS_DEPLOYMENT_TARGET = 17.6;
				LD_RUNPATH_SEARCH_PATHS = (
					"$(inherited)",
					"@executable_path/Frameworks",
					"@executable_path/../../Frameworks",
				);
				MARKETING_VERSION = 4.0.0;
				PRODUCT_BUNDLE_IDENTIFIER = "Studio4Designsoftware.ProLight.ProLight-Widget";
				PRODUCT_NAME = "$(TARGET_NAME)";
				SDKROOT = iphoneos;
				SKIP_INSTALL = YES;
				SUPPORTED_PLATFORMS = "iphoneos iphonesimulator";
				SUPPORTS_MACCATALYST = NO;
				SUPPORTS_MAC_DESIGNED_FOR_IPHONE_IPAD = NO;
				SUPPORTS_XR_DESIGNED_FOR_IPHONE_IPAD = NO;
				SWIFT_EMIT_LOC_STRINGS = YES;
				SWIFT_VERSION = 5.0;
				TARGETED_DEVICE_FAMILY = 1;
			};
			name = Debug;
		};
		3AA77BBB2E2D31BD00F018BB /* Release */ = {
			isa = XCBuildConfiguration;
			buildSettings = {
				ASSETCATALOG_COMPILER_GLOBAL_ACCENT_COLOR_NAME = AccentColor;
				ASSETCATALOG_COMPILER_WIDGET_BACKGROUND_COLOR_NAME = WidgetBackground;
				CODE_SIGN_ENTITLEMENTS = "ProLight WidgetExtension.entitlements";
				CODE_SIGN_STYLE = Automatic;
				CURRENT_PROJECT_VERSION = 1;
				DEVELOPMENT_TEAM = WM7RG95JZ8;
				GENERATE_INFOPLIST_FILE = YES;
				INFOPLIST_FILE = "ProLight Widget/Info.plist";
				INFOPLIST_KEY_CFBundleDisplayName = "ProLight Widget";
				INFOPLIST_KEY_NSHumanReadableCopyright = "";
				IPHONEOS_DEPLOYMENT_TARGET = 17.6;
				LD_RUNPATH_SEARCH_PATHS = (
					"$(inherited)",
					"@executable_path/Frameworks",
					"@executable_path/../../Frameworks",
				);
				MARKETING_VERSION = 4.0.0;
				PRODUCT_BUNDLE_IDENTIFIER = "Studio4Designsoftware.ProLight.ProLight-Widget";
				PRODUCT_NAME = "$(TARGET_NAME)";
				SDKROOT = iphoneos;
				SKIP_INSTALL = YES;
				SUPPORTED_PLATFORMS = "iphoneos iphonesimulator";
				SUPPORTS_MACCATALYST = NO;
				SUPPORTS_MAC_DESIGNED_FOR_IPHONE_IPAD = NO;
				SUPPORTS_XR_DESIGNED_FOR_IPHONE_IPAD = NO;
				SWIFT_EMIT_LOC_STRINGS = YES;
				SWIFT_VERSION = 5.0;
				TARGETED_DEVICE_FAMILY = 1;
				VALIDATE_PRODUCT = YES;
			};
			name = Release;
		};
/* End XCBuildConfiguration section */

/* Begin XCConfigurationList section */
		3A0D29AC2DE7819100F1F704 /* Build configuration list for PBXProject "ProLight" */ = {
			isa = XCConfigurationList;
			buildConfigurations = (
				3A0D29BB2DE7819300F1F704 /* Debug */,
				3A0D29BC2DE7819300F1F704 /* Release */,
			);
			defaultConfigurationIsVisible = 0;
			defaultConfigurationName = Release;
		};
		3A0D29BD2DE7819300F1F704 /* Build configuration list for PBXNativeTarget "ProLight" */ = {
			isa = XCConfigurationList;
			buildConfigurations = (
				3A0D29BE2DE7819300F1F704 /* Debug */,
				3A0D29BF2DE7819300F1F704 /* Release */,
			);
			defaultConfigurationIsVisible = 0;
			defaultConfigurationName = Release;
		};
		3AA77BB92E2D31BD00F018BB /* Build configuration list for PBXNativeTarget "ProLight WidgetExtension" */ = {
			isa = XCConfigurationList;
			buildConfigurations = (
				3AA77BBA2E2D31BD00F018BB /* Debug */,
				3AA77BBB2E2D31BD00F018BB /* Release */,
			);
			defaultConfigurationIsVisible = 0;
			defaultConfigurationName = Release;
		};
/* End XCConfigurationList section */

/* Begin XCRemoteSwiftPackageReference section */
		3AADAD0C2E3283BE0044EE64 /* XCRemoteSwiftPackageReference "lottie-ios" */ = {
			isa = XCRemoteSwiftPackageReference;
			repositoryURL = "https://github.com/airbnb/lottie-ios";
			requirement = {
				kind = upToNextMajorVersion;
				minimumVersion = 4.5.2;
			};
		};
		3ADC62F42E2E72DE00B66E31 /* XCRemoteSwiftPackageReference "swift-confidential" */ = {
			isa = XCRemoteSwiftPackageReference;
			repositoryURL = "https://github.com/securevale/swift-confidential";
			requirement = {
				kind = upToNextMajorVersion;
				minimumVersion = 0.4.1;
			};
		};
		3ADC62F72E2E735100B66E31 /* XCRemoteSwiftPackageReference "swift-confidential-plugin" */ = {
			isa = XCRemoteSwiftPackageReference;
			repositoryURL = "https://github.com/securevale/swift-confidential-plugin";
			requirement = {
				kind = upToNextMajorVersion;
				minimumVersion = 0.4.1;
			};
		};
		3ADC63B22E2E789700B66E31 /* XCRemoteSwiftPackageReference "purchases-ios-spm" */ = {
			isa = XCRemoteSwiftPackageReference;
			repositoryURL = "https://github.com/RevenueCat/purchases-ios-spm";
			requirement = {
				kind = upToNextMajorVersion;
				minimumVersion = 5.33.0;
			};
		};
/* End XCRemoteSwiftPackageReference section */

/* Begin XCSwiftPackageProductDependency section */
		3AADAD0D2E3283BE0044EE64 /* Lottie */ = {
			isa = XCSwiftPackageProductDependency;
			package = 3AADAD0C2E3283BE0044EE64 /* XCRemoteSwiftPackageReference "lottie-ios" */;
			productName = Lottie;
		};
		3ADC62F52E2E72DE00B66E31 /* ConfidentialKit */ = {
			isa = XCSwiftPackageProductDependency;
			package = 3ADC62F42E2E72DE00B66E31 /* XCRemoteSwiftPackageReference "swift-confidential" */;
			productName = ConfidentialKit;
		};
		3ADC62F82E2E739F00B66E31 /* Confidential */ = {
			isa = XCSwiftPackageProductDependency;
			package = 3ADC62F72E2E735100B66E31 /* XCRemoteSwiftPackageReference "swift-confidential-plugin" */;
			productName = "plugin:Confidential";
		};
		3ADC63B32E2E789700B66E31 /* RevenueCat */ = {
			isa = XCSwiftPackageProductDependency;
			package = 3ADC63B22E2E789700B66E31 /* XCRemoteSwiftPackageReference "purchases-ios-spm" */;
			productName = RevenueCat;
		};
		3ADC63B52E2E789700B66E31 /* RevenueCatUI */ = {
			isa = XCSwiftPackageProductDependency;
			package = 3ADC63B22E2E789700B66E31 /* XCRemoteSwiftPackageReference "purchases-ios-spm" */;
			productName = RevenueCatUI;
		};
/* End XCSwiftPackageProductDependency section */
	};
	rootObject = 3A0D29A92DE7819100F1F704 /* Project object */;
}
