{
  "originHash" : "9165a99c31400b4649f74a3ace1a80ba56b0da9a16fbfe3445f92538013ecb62",
  "pins" : [
    {
      "identity" : "purchases-ios",
      "kind" : "remoteSourceControl",
      "location" : "https://github.com/RevenueCat/purchases-ios.git",
      "state" : {
        "revision" : "e919c0b6066d60e19663211d66edaf9a01336940",
        "version" : "4.24.1"
      }
    },
    {
      "identity" : "whatsnewkit",
      "kind" : "remoteSourceControl",
      "location" : "https://github.com/SvenTiigi/WhatsNewKit.git",
      "state" : {
        "revision" : "238dadc14dd58885f51037e63d08baf4275c480e",
        "version" : "2.1.0"
      }
    }
  ],
  "version" : 3
}
